// !$*UTF8*$!
{
	archiveVersion = 1;
	classes = {
	};
	objectVersion = 46;
	objects = {

/* Begin PBXBuildFile section */
		FFDDF3241E9B6FA5004EA793 /* AppDelegate.swift in Sources */ = {isa = PBXBuildFile; fileRef = FFDDF3231E9B6FA5004EA793 /* AppDelegate.swift */; };
		FFDDF3261E9B6FA5004EA793 /* ViewController.swift in Sources */ = {isa = PBXBuildFile; fileRef = FFDDF3251E9B6FA5004EA793 /* ViewController.swift */; };
		FFDDF3291E9B6FA6004EA793 /* Main.storyboard in Resources */ = {isa = PBXBuildFile; fileRef = FFDDF3271E9B6FA6004EA793 /* Main.storyboard */; };
		FFDDF32B1E9B6FA6004EA793 /* Assets.xcassets in Resources */ = {isa = PBXBuildFile; fileRef = FFDDF32A1E9B6FA6004EA793 /* Assets.xcassets */; };
		FFDDF32E1E9B6FA6004EA793 /* LaunchScreen.storyboard in Resources */ = {isa = PBXBuildFile; fileRef = FFDDF32C1E9B6FA6004EA793 /* LaunchScreen.storyboard */; };
/* End PBXBuildFile section */

/* Begin PBXFileReference section */
		FFDDF3201E9B6FA5004EA793 /* GitTraining.app */ = {isa = PBXFileReference; explicitFileType = wrapper.application; includeInIndex = 0; path = GitTraining.app; sourceTree = BUILT_PRODUCTS_DIR; };
		FFDDF3231E9B6FA5004EA793 /* AppDelegate.swift */ = {isa = PBXFileReference; lastKnownFileType = sourcecode.swift; path = AppDelegate.swift; sourceTree = "<group>"; };
		FFDDF3251E9B6FA5004EA793 /* ViewController.swift */ = {isa = PBXFileReference; lastKnownFileType = sourcecode.swift; path = ViewController.swift; sourceTree = "<group>"; };
		FFDDF3281E9B6FA6004EA793 /* Base */ = {isa = PBXFileReference; lastKnownFileType = file.storyboard; name = Base; path = Base.lproj/Main.storyboard; sourceTree = "<group>"; };
		FFDDF32A1E9B6FA6004EA793 /* Assets.xcassets */ = {isa = PBXFileReference; lastKnownFileType = folder.assetcatalog; path = Assets.xcassets; sourceTree = "<group>"; };
		FFDDF32D1E9B6FA6004EA793 /* Base */ = {isa = PBXFileReference; lastKnownFileType = file.storyboard; name = Base; path = Base.lproj/LaunchScreen.storyboard; sourceTree = "<group>"; };
		FFDDF32F1E9B6FA6004EA793 /* Info.plist */ = {isa = PBXFileReference; lastKnownFileType = text.plist.xml; path = Info.plist; sourceTree = "<group>"; };
/* End PBXFileReference section */

/* Begin PBXFrameworksBuildPhase section */
		FFDDF31D1E9B6FA5004EA793 /* Frameworks */ = {
			isa = PBXFrameworksBuildPhase;
			buildActionMask = 2147483647;
			files = (
			);
			runOnlyForDeploymentPostprocessing = 0;
		};
/* End PBXFrameworksBuildPhase section */

/* Begin PBXGroup section */
		FFDDF3171E9B6FA5004EA793 = {
			isa = PBXGroup;
			children = (
				FFDDF3221E9B6FA5004EA793 /* GitTraining */,
				FFDDF3211E9B6FA5004EA793 /* Products */,
			);
			sourceTree = "<group>";
		};
		FFDDF3211E9B6FA5004EA793 /* Products */ = {
			isa = PBXGroup;
			children = (
				FFDDF3201E9B6FA5004EA793 /* GitTraining.app */,
			);
			name = Products;
			sourceTree = "<group>";
		};
		FFDDF3221E9B6FA5004EA793 /* GitTraining */ = {
			isa = PBXGroup;
			children = (
				FFDDF3231E9B6FA5004EA793 /* AppDelegate.swift */,
				FFDDF3251E9B6FA5004EA793 /* ViewController.swift */,
				FFDDF3271E9B6FA6004EA793 /* Main.storyboard */,
				FFDDF32A1E9B6FA6004EA793 /* Assets.xcassets */,
				FFDDF32C1E9B6FA6004EA793 /* LaunchScreen.storyboard */,
				FFDDF32F1E9B6FA6004EA793 /* Info.plist */,
			);
			path = GitTraining;
			sourceTree = "<group>";
		};
/* End PBXGroup section */

/* Begin PBXNativeTarget section */
		FFDDF31F1E9B6FA5004EA793 /* GitTraining */ = {
			isa = PBXNativeTarget;
			buildConfigurationList = FFDDF3321E9B6FA6004EA793 /* Build configuration list for PBXNativeTarget "GitTraining" */;
			buildPhases = (
				FFDDF31C1E9B6FA5004EA793 /* Sources */,
				FFDDF31D1E9B6FA5004EA793 /* Frameworks */,
				FFDDF31E1E9B6FA5004EA793 /* Resources */,
			);
			buildRules = (
			);
			dependencies = (
			);
			name = GitTraining;
			productName = GitTraining;
			productReference = FFDDF3201E9B6FA5004EA793 /* GitTraining.app */;
			productType = "com.apple.product-type.application";
		};
/* End PBXNativeTarget section */

/* Begin PBXProject section */
		FFDDF3181E9B6FA5004EA793 /* Project object */ = {
			isa = PBXProject;
			attributes = {
				LastSwiftUpdateCheck = 0830;
				LastUpgradeCheck = 0830;
				ORGANIZATIONNAME = "Trương Thắng";
				TargetAttributes = {
					FFDDF31F1E9B6FA5004EA793 = {
						CreatedOnToolsVersion = 8.3.1;
						DevelopmentTeam = 56AJJ634ZU;
						ProvisioningStyle = Automatic;
					};
				};
			};
			buildConfigurationList = FFDDF31B1E9B6FA5004EA793 /* Build configuration list for PBXProject "GitTraining" */;
			compatibilityVersion = "Xcode 3.2";
			developmentRegion = English;
			hasScannedForEncodings = 0;
			knownRegions = (
				en,
				Base,
			);
			mainGroup = FFDDF3171E9B6FA5004EA793;
			productRefGroup = FFDDF3211E9B6FA5004EA793 /* Products */;
			projectDirPath = "";
			projectRoot = "";
			targets = (
				FFDDF31F1E9B6FA5004EA793 /* GitTraining */,
			);
		};
/* End PBXProject section */

/* Begin PBXResourcesBuildPhase section */
		FFDDF31E1E9B6FA5004EA793 /* Resources */ = {
			isa = PBXResourcesBuildPhase;
			buildActionMask = 2147483647;
			files = (
				FFDDF32E1E9B6FA6004EA793 /* LaunchScreen.storyboard in Resources */,
				FFDDF32B1E9B6FA6004EA793 /* Assets.xcassets in Resources */,
				FFDDF3291E9B6FA6004EA793 /* Main.storyboard in Resources */,
			);
			runOnlyForDeploymentPostprocessing = 0;
		};
/* End PBXResourcesBuildPhase section */

/* Begin PBXSourcesBuildPhase section */
		FFDDF31C1E9B6FA5004EA793 /* Sources */ = {
			isa = PBXSourcesBuildPhase;
			buildActionMask = 2147483647;
			files = (
				FFDDF3261E9B6FA5004EA793 /* ViewController.swift in Sources */,
				FFDDF3241E9B6FA5004EA793 /* AppDelegate.swift in Sources */,
			);
			runOnlyForDeploymentPostprocessing = 0;
		};
/* End PBXSourcesBuildPhase section */

/* Begin PBXVariantGroup section */
		FFDDF3271E9B6FA6004EA793 /* Main.storyboard */ = {
			isa = PBXVariantGroup;
			children = (
				FFDDF3281E9B6FA6004EA793 /* Base */,
			);
			name = Main.storyboard;
			sourceTree = "<group>";
		};
		FFDDF32C1E9B6FA6004EA793 /* LaunchScreen.storyboard */ = {
			isa = PBXVariantGroup;
			children = (
				FFDDF32D1E9B6FA6004EA793 /* Base */,
			);
			name = LaunchScreen.storyboard;
			sourceTree = "<group>";
		};
/* End PBXVariantGroup section */

/* Begin XCBuildConfiguration section */
		FFDDF3301E9B6FA6004EA793 /* Debug */ = {
			isa = XCBuildConfiguration;
			buildSettings = {
				ALWAYS_SEARCH_USER_PATHS = NO;
				CLANG_ANALYZER_NONNULL = YES;
				CLANG_ANALYZER_NUMBER_OBJECT_CONVERSION = YES_AGGRESSIVE;
				CLANG_CXX_LANGUAGE_STANDARD = "gnu++0x";
				CLANG_CXX_LIBRARY = "libc++";
				CLANG_ENABLE_MODULES = YES;
				CLANG_ENABLE_OBJC_ARC = YES;
				CLANG_WARN_BOOL_CONVERSION = YES;
				CLANG_WARN_CONSTANT_CONVERSION = YES;
				CLANG_WARN_DIRECT_OBJC_ISA_USAGE = YES_ERROR;
				CLANG_WARN_DOCUMENTATION_COMMENTS = YES;
				CLANG_WARN_EMPTY_BODY = YES;
				CLANG_WARN_ENUM_CONVERSION = YES;
				CLANG_WARN_INFINITE_RECURSION = YES;
				CLANG_WARN_INT_CONVERSION = YES;
				CLANG_WARN_OBJC_ROOT_CLASS = YES_ERROR;
				CLANG_WARN_SUSPICIOUS_MOVE = YES;
				CLANG_WARN_UNREACHABLE_CODE = YES;
				CLANG_WARN__DUPLICATE_METHOD_MATCH = YES;
				"CODE_SIGN_IDENTITY[sdk=iphoneos*]" = "iPhone Developer";
				COPY_PHASE_STRIP = NO;
				DEBUG_INFORMATION_FORMAT = dwarf;
				ENABLE_STRICT_OBJC_MSGSEND = YES;
				ENABLE_TESTABILITY = YES;
				GCC_C_LANGUAGE_STANDARD = gnu99;
				GCC_DYNAMIC_NO_PIC = NO;
				GCC_NO_COMMON_BLOCKS = YES;
				GCC_OPTIMIZATION_LEVEL = 0;
				GCC_PREPROCESSOR_DEFINITIONS = (
					"DEBUG=1",
					"$(inherited)",
				);
				GCC_WARN_64_TO_32_BIT_CONVERSION = YES;
				GCC_WARN_ABOUT_RETURN_TYPE = YES_ERROR;
				GCC_WARN_UNDECLARED_SELECTOR = YES;
				GCC_WARN_UNINITIALIZED_AUTOS = YES_AGGRESSIVE;
				GCC_WARN_UNUSED_FUNCTION = YES;
				GCC_WARN_UNUSED_VARIABLE = YES;
				IPHONEOS_DEPLOYMENT_TARGET = 10.3;
				MTL_ENABLE_DEBUG_INFO = YES;
				ONLY_ACTIVE_ARCH = YES;
				SDKROOT = iphoneos;
				SWIFT_ACTIVE_COMPILATION_CONDITIONS = DEBUG;
				SWIFT_OPTIMIZATION_LEVEL = "-Onone";
			};
			name = Debug;
		};
		FFDDF3311E9B6FA6004EA793 /* Release */ = {
			isa = XCBuildConfiguration;
			buildSettings = {
				ALWAYS_SEARCH_USER_PATHS = NO;
				CLANG_ANALYZER_NONNULL = YES;
				CLANG_ANALYZER_NUMBER_OBJECT_CONVERSION = YES_AGGRESSIVE;
				CLANG_CXX_LANGUAGE_STANDARD = "gnu++0x";
				CLANG_CXX_LIBRARY = "libc++";
				CLANG_ENABLE_MODULES = YES;
				CLANG_ENABLE_OBJC_ARC = YES;
				CLANG_WARN_BOOL_CONVERSION = YES;
				CLANG_WARN_CONSTANT_CONVERSION = YES;
				CLANG_WARN_DIRECT_OBJC_ISA_USAGE = YES_ERROR;
				CLANG_WARN_DOCUMENTATION_COMMENTS = YES;
				CLANG_WARN_EMPTY_BODY = YES;
				CLANG_WARN_ENUM_CONVERSION = YES;
				CLANG_WARN_INFINITE_RECURSION = YES;
				CLANG_WARN_INT_CONVERSION = YES;
				CLANG_WARN_OBJC_ROOT_CLASS = YES_ERROR;
				CLANG_WARN_SUSPICIOUS_MOVE = YES;
				CLANG_WARN_UNREACHABLE_CODE = YES;
				CLANG_WARN__DUPLICATE_METHOD_MATCH = YES;
				"CODE_SIGN_IDENTITY[sdk=iphoneos*]" = "iPhone Developer";
				COPY_PHASE_STRIP = NO;
				DEBUG_INFORMATION_FORMAT = "dwarf-with-dsym";
				ENABLE_NS_ASSERTIONS = NO;
				ENABLE_STRICT_OBJC_MSGSEND = YES;
				GCC_C_LANGUAGE_STANDARD = gnu99;
				GCC_NO_COMMON_BLOCKS = YES;
				GCC_WARN_64_TO_32_BIT_CONVERSION = YES;
				GCC_WARN_ABOUT_RETURN_TYPE = YES_ERROR;
				GCC_WARN_UNDECLARED_SELECTOR = YES;
				GCC_WARN_UNINITIALIZED_AUTOS = YES_AGGRESSIVE;
				GCC_WARN_UNUSED_FUNCTION = YES;
				GCC_WARN_UNUSED_VARIABLE = YES;
				IPHONEOS_DEPLOYMENT_TARGET = 10.3;
				MTL_ENABLE_DEBUG_INFO = NO;
				SDKROOT = iphoneos;
				SWIFT_OPTIMIZATION_LEVEL = "-Owholemodule";
				VALIDATE_PRODUCT = YES;
			};
			name = Release;
		};
		FFDDF3331E9B6FA6004EA793 /* Debug */ = {
			isa = XCBuildConfiguration;
			buildSettings = {
				ASSETCATALOG_COMPILER_APPICON_NAME = AppIcon;
				DEVELOPMENT_TEAM = 56AJJ634ZU;
				INFOPLIST_FILE = GitTraining/Info.plist;
				LD_RUNPATH_SEARCH_PATHS = "$(inherited) @executable_path/Frameworks";
				PRODUCT_BUNDLE_IDENTIFIER = com.example.Big0.GitTraining;
				PRODUCT_NAME = "$(TARGET_NAME)";
				SWIFT_VERSION = 3.0;
			};
			name = Debug;
		};
		FFDDF3341E9B6FA6004EA793 /* Release */ = {
			isa = XCBuildConfiguration;
			buildSettings = {
				ASSETCATALOG_COMPILER_APPICON_NAME = AppIcon;
				DEVELOPMENT_TEAM = 56AJJ634ZU;
				INFOPLIST_FILE = GitTraining/Info.plist;
				LD_RUNPATH_SEARCH_PATHS = "$(inherited) @executable_path/Frameworks";
				PRODUCT_BUNDLE_IDENTIFIER = com.example.Big0.GitTraining;
				PRODUCT_NAME = "$(TARGET_NAME)";
				SWIFT_VERSION = 3.0;
			};
			name = Release;
		};
/* End XCBuildConfiguration section */

/* Begin XCConfigurationList section */
		FFDDF31B1E9B6FA5004EA793 /* Build configuration list for PBXProject "GitTraining" */ = {
			isa = XCConfigurationList;
			buildConfigurations = (
				FFDDF3301E9B6FA6004EA793 /* Debug */,
				FFDDF3311E9B6FA6004EA793 /* Release */,
			);
			defaultConfigurationIsVisible = 0;
			defaultConfigurationName = Release;
		};
		FFDDF3321E9B6FA6004EA793 /* Build configuration list for PBXNativeTarget "GitTraining" */ = {
			isa = XCConfigurationList;
			buildConfigurations = (
				FFDDF3331E9B6FA6004EA793 /* Debug */,
				FFDDF3341E9B6FA6004EA793 /* Release */,
			);
			defaultConfigurationIsVisible = 0;
		};
/* End XCConfigurationList section */
	};
	rootObject = FFDDF3181E9B6FA5004EA793 /* Project object */;
}
